
Microsoft Visual Studio Solution File, Format Version 12.00
# Visual Studio Version 17
VisualStudioVersion = 17.4.33103.184
MinimumVisualStudioVersion = 10.0.40219.1
Project("{8BC9CEB8-8B4A-11D0-8D11-00A0C91BC942}") = "easyx 3D", "easyx 3D.vcxproj", "{16EBA325-4060-4212-8E2C-A2758F1368D3}"
EndProject
Global
	GlobalSection(SolutionConfigurationPlatforms) = preSolution
		Debug|x64 = Debug|x64
		Debug|x86 = Debug|x86
		Release|x64 = Release|x64
		Release|x86 = Release|x86
	EndGlobalSection
	GlobalSection(ProjectConfigurationPlatforms) = postSolution
		{16EBA325-4060-4212-8E2C-A2758F1368D3}.Debug|x64.ActiveCfg = Debug|x64
		{16EBA325-4060-4212-8E2C-A2758F1368D3}.Debug|x64.Build.0 = Debug|x64
		{16EBA325-4060-4212-8E2C-A2758F1368D3}.Debug|x86.ActiveCfg = Debug|Win32
		{16EBA325-4060-4212-8E2C-A2758F1368D3}.Debug|x86.Build.0 = Debug|Win32
		{16EBA325-4060-4212-8E2C-A2758F1368D3}.Release|x64.ActiveCfg = Release|x64
		{16EBA325-4060-4212-8E2C-A2758F1368D3}.Release|x64.Build.0 = Release|x64
		{16EBA325-4060-4212-8E2C-A2758F1368D3}.Release|x86.ActiveCfg = Release|Win32
		{16EBA325-4060-4212-8E2C-A2758F1368D3}.Release|x86.Build.0 = Release|Win32
	EndGlobalSection
	GlobalSection(SolutionProperties) = preSolution
		HideSolutionNode = FALSE
	EndGlobalSection
	GlobalSection(ExtensibilityGlobals) = postSolution
		SolutionGuid = {30C238AB-CA12-458A-AB89-D9EE0B6DFEB8}
	EndGlobalSection
EndGlobal
